// !$*UTF8*$!
{
	archiveVersion = 1;
	classes = {
	};
	objectVersion = 51;
	objects = {

/* Begin PBXBuildFile section */
		0C052F2325D968DD0065B0A5 /* PrefenceViewController.swift in Sources */ = {isa = PBXBuildFile; fileRef = 0C052F2225D968DD0065B0A5 /* PrefenceViewController.swift */; };
		0C052F2A25D970B20065B0A5 /* Preferences.swift in Sources */ = {isa = PBXBuildFile; fileRef = 0C052F2925D970B20065B0A5 /* Preferences.swift */; };
		0C92456E25D037BA00566204 /* AppDelegate.swift in Sources */ = {isa = PBXBuildFile; fileRef = 0C92456D25D037BA00566204 /* AppDelegate.swift */; };
		0C92457225D037BD00566204 /* Assets.xcassets in Resources */ = {isa = PBXBuildFile; fileRef = 0C92457125D037BD00566204 /* Assets.xcassets */; };
		0C92457525D037BD00566204 /* Preview Assets.xcassets in Resources */ = {isa = PBXBuildFile; fileRef = 0C92457425D037BD00566204 /* Preview Assets.xcassets */; };
		0C92457825D037BD00566204 /* Main.storyboard in Resources */ = {isa = PBXBuildFile; fileRef = 0C92457625D037BD00566204 /* Main.storyboard */; };
		95A9F956BC31232B4AED0C9D /* Pods_MacOSThemeDetector.framework in Frameworks */ = {isa = PBXBuildFile; fileRef = 7987FF7DBA7C3306B4E29438 /* Pods_MacOSThemeDetector.framework */; };
/* End PBXBuildFile section */

/* Begin PBXFileReference section */
		0C052F2225D968DD0065B0A5 /* PrefenceViewController.swift */ = {isa = PBXFileReference; lastKnownFileType = sourcecode.swift; path = PrefenceViewController.swift; sourceTree = "<group>"; };
		0C052F2925D970B20065B0A5 /* Preferences.swift */ = {isa = PBXFileReference; lastKnownFileType = sourcecode.swift; path = Preferences.swift; sourceTree = "<group>"; };
		0C92456A25D037BA00566204 /* MacOSThemeDetector.app */ = {isa = PBXFileReference; explicitFileType = wrapper.application; includeInIndex = 0; path = MacOSThemeDetector.app; sourceTree = BUILT_PRODUCTS_DIR; };
		0C92456D25D037BA00566204 /* AppDelegate.swift */ = {isa = PBXFileReference; lastKnownFileType = sourcecode.swift; path = AppDelegate.swift; sourceTree = "<group>"; };
		0C92457125D037BD00566204 /* Assets.xcassets */ = {isa = PBXFileReference; lastKnownFileType = folder.assetcatalog; path = Assets.xcassets; sourceTree = "<group>"; };
		0C92457425D037BD00566204 /* Preview Assets.xcassets */ = {isa = PBXFileReference; lastKnownFileType = folder.assetcatalog; path = "Preview Assets.xcassets"; sourceTree = "<group>"; };
		0C92457725D037BD00566204 /* Base */ = {isa = PBXFileReference; lastKnownFileType = file.storyboard; name = Base; path = Base.lproj/Main.storyboard; sourceTree = "<group>"; };
		0C92457925D037BD00566204 /* Info.plist */ = {isa = PBXFileReference; lastKnownFileType = text.plist.xml; path = Info.plist; sourceTree = "<group>"; };
		0C92457A25D037BD00566204 /* MacOSThemeDetector.entitlements */ = {isa = PBXFileReference; lastKnownFileType = text.plist.entitlements; path = MacOSThemeDetector.entitlements; sourceTree = "<group>"; };
		7987FF7DBA7C3306B4E29438 /* Pods_MacOSThemeDetector.framework */ = {isa = PBXFileReference; explicitFileType = wrapper.framework; includeInIndex = 0; path = Pods_MacOSThemeDetector.framework; sourceTree = BUILT_PRODUCTS_DIR; };
		9B317AE895C7155C99D5987E /* Pods-MacOSThemeDetector.release.xcconfig */ = {isa = PBXFileReference; includeInIndex = 1; lastKnownFileType = text.xcconfig; name = "Pods-MacOSThemeDetector.release.xcconfig"; path = "Target Support Files/Pods-MacOSThemeDetector/Pods-MacOSThemeDetector.release.xcconfig"; sourceTree = "<group>"; };
		F59DE6876089B6B43F1318B6 /* Pods-MacOSThemeDetector.debug.xcconfig */ = {isa = PBXFileReference; includeInIndex = 1; lastKnownFileType = text.xcconfig; name = "Pods-MacOSThemeDetector.debug.xcconfig"; path = "Target Support Files/Pods-MacOSThemeDetector/Pods-MacOSThemeDetector.debug.xcconfig"; sourceTree = "<group>"; };
/* End PBXFileReference section */

/* Begin PBXFrameworksBuildPhase section */
		0C92456725D037BA00566204 /* Frameworks */ = {
			isa = PBXFrameworksBuildPhase;
			buildActionMask = 2147483647;
			files = (
				95A9F956BC31232B4AED0C9D /* Pods_MacOSThemeDetector.framework in Frameworks */,
			);
			runOnlyForDeploymentPostprocessing = 0;
		};
/* End PBXFrameworksBuildPhase section */

/* Begin PBXGroup section */
		0C052F2625D970410065B0A5 /* Model */ = {
			isa = PBXGroup;
			children = (
				0C052F2925D970B20065B0A5 /* Preferences.swift */,
			);
			path = Model;
			sourceTree = "<group>";
		};
		0C052F2725D970590065B0A5 /* View */ = {
			isa = PBXGroup;
			children = (
				0C052F2225D968DD0065B0A5 /* PrefenceViewController.swift */,
			);
			path = View;
			sourceTree = "<group>";
		};
		0C92456125D037BA00566204 = {
			isa = PBXGroup;
			children = (
				0C92456C25D037BA00566204 /* MacOSThemeDetector */,
				0C92456B25D037BA00566204 /* Products */,
				AC445CD9B1CF845CE19A69ED /* Pods */,
				F00333E9FD6D72DB0CF1228A /* Frameworks */,
			);
			sourceTree = "<group>";
		};
		0C92456B25D037BA00566204 /* Products */ = {
			isa = PBXGroup;
			children = (
				0C92456A25D037BA00566204 /* MacOSThemeDetector.app */,
			);
			name = Products;
			sourceTree = "<group>";
		};
		0C92456C25D037BA00566204 /* MacOSThemeDetector */ = {
			isa = PBXGroup;
			children = (
				0C052F2625D970410065B0A5 /* Model */,
				0C92456D25D037BA00566204 /* AppDelegate.swift */,
				0C052F2725D970590065B0A5 /* View */,
				0C92457125D037BD00566204 /* Assets.xcassets */,
				0C92457625D037BD00566204 /* Main.storyboard */,
				0C92457925D037BD00566204 /* Info.plist */,
				0C92457A25D037BD00566204 /* MacOSThemeDetector.entitlements */,
				0C92457325D037BD00566204 /* Preview Content */,
			);
			path = MacOSThemeDetector;
			sourceTree = "<group>";
		};
		0C92457325D037BD00566204 /* Preview Content */ = {
			isa = PBXGroup;
			children = (
				0C92457425D037BD00566204 /* Preview Assets.xcassets */,
			);
			path = "Preview Content";
			sourceTree = "<group>";
		};
		AC445CD9B1CF845CE19A69ED /* Pods */ = {
			isa = PBXGroup;
			children = (
				F59DE6876089B6B43F1318B6 /* Pods-MacOSThemeDetector.debug.xcconfig */,
				9B317AE895C7155C99D5987E /* Pods-MacOSThemeDetector.release.xcconfig */,
			);
			path = Pods;
			sourceTree = "<group>";
		};
		F00333E9FD6D72DB0CF1228A /* Frameworks */ = {
			isa = PBXGroup;
			children = (
				7987FF7DBA7C3306B4E29438 /* Pods_MacOSThemeDetector.framework */,
			);
			name = Frameworks;
			sourceTree = "<group>";
		};
/* End PBXGroup section */

/* Begin PBXNativeTarget section */
		0C92456925D037BA00566204 /* MacOSThemeDetector */ = {
			isa = PBXNativeTarget;
			buildConfigurationList = 0C92457D25D037BD00566204 /* Build configuration list for PBXNativeTarget "MacOSThemeDetector" */;
			buildPhases = (
				C82B32FDBA0FF26B79B437E4 /* [CP] Check Pods Manifest.lock */,
				0C92456625D037BA00566204 /* Sources */,
				0C92456725D037BA00566204 /* Frameworks */,
				0C92456825D037BA00566204 /* Resources */,
				DF2D90B01DFE5767E47D0653 /* [CP] Embed Pods Frameworks */,
			);
			buildRules = (
			);
			dependencies = (
			);
			name = MacOSThemeDetector;
			productName = MacOSThemeDetector;
			productReference = 0C92456A25D037BA00566204 /* MacOSThemeDetector.app */;
			productType = "com.apple.product-type.application";
		};
/* End PBXNativeTarget section */

/* Begin PBXProject section */
		0C92456225D037BA00566204 /* Project object */ = {
			isa = PBXProject;
			attributes = {
				LastSwiftUpdateCheck = 1240;
				LastUpgradeCheck = 1240;
				TargetAttributes = {
					0C92456925D037BA00566204 = {
						CreatedOnToolsVersion = 12.4;
					};
				};
			};
			buildConfigurationList = 0C92456525D037BA00566204 /* Build configuration list for PBXProject "MacOSThemeDetector" */;
			compatibilityVersion = "Xcode 9.3";
			developmentRegion = en;
			hasScannedForEncodings = 0;
			knownRegions = (
				en,
				Base,
			);
			mainGroup = 0C92456125D037BA00566204;
			productRefGroup = 0C92456B25D037BA00566204 /* Products */;
			projectDirPath = "";
			projectRoot = "";
			targets = (
				0C92456925D037BA00566204 /* MacOSThemeDetector */,
			);
		};
/* End PBXProject section */

/* Begin PBXResourcesBuildPhase section */
		0C92456825D037BA00566204 /* Resources */ = {
			isa = PBXResourcesBuildPhase;
			buildActionMask = 2147483647;
			files = (
				0C92457825D037BD00566204 /* Main.storyboard in Resources */,
				0C92457525D037BD00566204 /* Preview Assets.xcassets in Resources */,
				0C92457225D037BD00566204 /* Assets.xcassets in Resources */,
			);
			runOnlyForDeploymentPostprocessing = 0;
		};
/* End PBXResourcesBuildPhase section */

/* Begin PBXShellScriptBuildPhase section */
		C82B32FDBA0FF26B79B437E4 /* [CP] Check Pods Manifest.lock */ = {
			isa = PBXShellScriptBuildPhase;
			buildActionMask = 2147483647;
			files = (
			);
			inputFileListPaths = (
			);
			inputPaths = (
				"${PODS_PODFILE_DIR_PATH}/Podfile.lock",
				"${PODS_ROOT}/Manifest.lock",
			);
			name = "[CP] Check Pods Manifest.lock";
			outputFileListPaths = (
			);
			outputPaths = (
				"$(DERIVED_FILE_DIR)/Pods-MacOSThemeDetector-checkManifestLockResult.txt",
			);
			runOnlyForDeploymentPostprocessing = 0;
			shellPath = /bin/sh;
			shellScript = "diff \"${PODS_PODFILE_DIR_PATH}/Podfile.lock\" \"${PODS_ROOT}/Manifest.lock\" > /dev/null\nif [ $? != 0 ] ; then\n    # print error to STDERR\n    echo \"error: The sandbox is not in sync with the Podfile.lock. Run 'pod install' or update your CocoaPods installation.\" >&2\n    exit 1\nfi\n# This output is used by Xcode 'outputs' to avoid re-running this script phase.\necho \"SUCCESS\" > \"${SCRIPT_OUTPUT_FILE_0}\"\n";
			showEnvVarsInLog = 0;
		};
		DF2D90B01DFE5767E47D0653 /* [CP] Embed Pods Frameworks */ = {
			isa = PBXShellScriptBuildPhase;
			buildActionMask = 2147483647;
			files = (
			);
			inputFileListPaths = (
				"${PODS_ROOT}/Target Support Files/Pods-MacOSThemeDetector/Pods-MacOSThemeDetector-frameworks-${CONFIGURATION}-input-files.xcfilelist",
			);
			name = "[CP] Embed Pods Frameworks";
			outputFileListPaths = (
				"${PODS_ROOT}/Target Support Files/Pods-MacOSThemeDetector/Pods-MacOSThemeDetector-frameworks-${CONFIGURATION}-output-files.xcfilelist",
			);
			runOnlyForDeploymentPostprocessing = 0;
			shellPath = /bin/sh;
			shellScript = "\"${PODS_ROOT}/Target Support Files/Pods-MacOSThemeDetector/Pods-MacOSThemeDetector-frameworks.sh\"\n";
			showEnvVarsInLog = 0;
		};
/* End PBXShellScriptBuildPhase section */

/* Begin PBXSourcesBuildPhase section */
		0C92456625D037BA00566204 /* Sources */ = {
			isa = PBXSourcesBuildPhase;
			buildActionMask = 2147483647;
			files = (
				0C052F2325D968DD0065B0A5 /* PrefenceViewController.swift in Sources */,
				0C052F2A25D970B20065B0A5 /* Preferences.swift in Sources */,
				0C92456E25D037BA00566204 /* AppDelegate.swift in Sources */,
			);
			runOnlyForDeploymentPostprocessing = 0;
		};
/* End PBXSourcesBuildPhase section */

/* Begin PBXVariantGroup section */
		0C92457625D037BD00566204 /* Main.storyboard */ = {
			isa = PBXVariantGroup;
			children = (
				0C92457725D037BD00566204 /* Base */,
			);
			name = Main.storyboard;
			sourceTree = "<group>";
		};
/* End PBXVariantGroup section */

/* Begin XCBuildConfiguration section */
		0C92457B25D037BD00566204 /* Debug */ = {
			isa = XCBuildConfiguration;
			buildSettings = {
				ALWAYS_SEARCH_USER_PATHS = NO;
				CLANG_ANALYZER_NONNULL = YES;
				CLANG_ANALYZER_NUMBER_OBJECT_CONVERSION = YES_AGGRESSIVE;
				CLANG_CXX_LANGUAGE_STANDARD = "gnu++14";
				CLANG_CXX_LIBRARY = "libc++";
				CLANG_ENABLE_MODULES = YES;
				CLANG_ENABLE_OBJC_ARC = YES;
				CLANG_ENABLE_OBJC_WEAK = YES;
				CLANG_WARN_BLOCK_CAPTURE_AUTORELEASING = YES;
				CLANG_WARN_BOOL_CONVERSION = YES;
				CLANG_WARN_COMMA = YES;
				CLANG_WARN_CONSTANT_CONVERSION = YES;
				CLANG_WARN_DEPRECATED_OBJC_IMPLEMENTATIONS = YES;
				CLANG_WARN_DIRECT_OBJC_ISA_USAGE = YES_ERROR;
				CLANG_WARN_DOCUMENTATION_COMMENTS = YES;
				CLANG_WARN_EMPTY_BODY = YES;
				CLANG_WARN_ENUM_CONVERSION = YES;
				CLANG_WARN_INFINITE_RECURSION = YES;
				CLANG_WARN_INT_CONVERSION = YES;
				CLANG_WARN_NON_LITERAL_NULL_CONVERSION = YES;
				CLANG_WARN_OBJC_IMPLICIT_RETAIN_SELF = YES;
				CLANG_WARN_OBJC_LITERAL_CONVERSION = YES;
				CLANG_WARN_OBJC_ROOT_CLASS = YES_ERROR;
				CLANG_WARN_QUOTED_INCLUDE_IN_FRAMEWORK_HEADER = YES;
				CLANG_WARN_RANGE_LOOP_ANALYSIS = YES;
				CLANG_WARN_STRICT_PROTOTYPES = YES;
				CLANG_WARN_SUSPICIOUS_MOVE = YES;
				CLANG_WARN_UNGUARDED_AVAILABILITY = YES_AGGRESSIVE;
				CLANG_WARN_UNREACHABLE_CODE = YES;
				CLANG_WARN__DUPLICATE_METHOD_MATCH = YES;
				COPY_PHASE_STRIP = NO;
				DEBUG_INFORMATION_FORMAT = dwarf;
				ENABLE_STRICT_OBJC_MSGSEND = YES;
				ENABLE_TESTABILITY = YES;
				GCC_C_LANGUAGE_STANDARD = gnu11;
				GCC_DYNAMIC_NO_PIC = NO;
				GCC_NO_COMMON_BLOCKS = YES;
				GCC_OPTIMIZATION_LEVEL = 0;
				GCC_PREPROCESSOR_DEFINITIONS = (
					"DEBUG=1",
					"$(inherited)",
				);
				GCC_WARN_64_TO_32_BIT_CONVERSION = YES;
				GCC_WARN_ABOUT_RETURN_TYPE = YES_ERROR;
				GCC_WARN_UNDECLARED_SELECTOR = YES;
				GCC_WARN_UNINITIALIZED_AUTOS = YES_AGGRESSIVE;
				GCC_WARN_UNUSED_FUNCTION = YES;
				GCC_WARN_UNUSED_VARIABLE = YES;
				MACOSX_DEPLOYMENT_TARGET = 10.15;
				MTL_ENABLE_DEBUG_INFO = INCLUDE_SOURCE;
				MTL_FAST_MATH = YES;
				ONLY_ACTIVE_ARCH = YES;
				SDKROOT = macosx;
				SWIFT_ACTIVE_COMPILATION_CONDITIONS = DEBUG;
				SWIFT_OPTIMIZATION_LEVEL = "-Onone";
			};
			name = Debug;
		};
		0C92457C25D037BD00566204 /* Release */ = {
			isa = XCBuildConfiguration;
			buildSettings = {
				ALWAYS_SEARCH_USER_PATHS = NO;
				CLANG_ANALYZER_NONNULL = YES;
				CLANG_ANALYZER_NUMBER_OBJECT_CONVERSION = YES_AGGRESSIVE;
				CLANG_CXX_LANGUAGE_STANDARD = "gnu++14";
				CLANG_CXX_LIBRARY = "libc++";
				CLANG_ENABLE_MODULES = YES;
				CLANG_ENABLE_OBJC_ARC = YES;
				CLANG_ENABLE_OBJC_WEAK = YES;
				CLANG_WARN_BLOCK_CAPTURE_AUTORELEASING = YES;
				CLANG_WARN_BOOL_CONVERSION = YES;
				CLANG_WARN_COMMA = YES;
				CLANG_WARN_CONSTANT_CONVERSION = YES;
				CLANG_WARN_DEPRECATED_OBJC_IMPLEMENTATIONS = YES;
				CLANG_WARN_DIRECT_OBJC_ISA_USAGE = YES_ERROR;
				CLANG_WARN_DOCUMENTATION_COMMENTS = YES;
				CLANG_WARN_EMPTY_BODY = YES;
				CLANG_WARN_ENUM_CONVERSION = YES;
				CLANG_WARN_INFINITE_RECURSION = YES;
				CLANG_WARN_INT_CONVERSION = YES;
				CLANG_WARN_NON_LITERAL_NULL_CONVERSION = YES;
				CLANG_WARN_OBJC_IMPLICIT_RETAIN_SELF = YES;
				CLANG_WARN_OBJC_LITERAL_CONVERSION = YES;
				CLANG_WARN_OBJC_ROOT_CLASS = YES_ERROR;
				CLANG_WARN_QUOTED_INCLUDE_IN_FRAMEWORK_HEADER = YES;
				CLANG_WARN_RANGE_LOOP_ANALYSIS = YES;
				CLANG_WARN_STRICT_PROTOTYPES = YES;
				CLANG_WARN_SUSPICIOUS_MOVE = YES;
				CLANG_WARN_UNGUARDED_AVAILABILITY = YES_AGGRESSIVE;
				CLANG_WARN_UNREACHABLE_CODE = YES;
				CLANG_WARN__DUPLICATE_METHOD_MATCH = YES;
				COPY_PHASE_STRIP = NO;
				DEBUG_INFORMATION_FORMAT = "dwarf-with-dsym";
				ENABLE_NS_ASSERTIONS = NO;
				ENABLE_STRICT_OBJC_MSGSEND = YES;
				GCC_C_LANGUAGE_STANDARD = gnu11;
				GCC_NO_COMMON_BLOCKS = YES;
				GCC_WARN_64_TO_32_BIT_CONVERSION = YES;
				GCC_WARN_ABOUT_RETURN_TYPE = YES_ERROR;
				GCC_WARN_UNDECLARED_SELECTOR = YES;
				GCC_WARN_UNINITIALIZED_AUTOS = YES_AGGRESSIVE;
				GCC_WARN_UNUSED_FUNCTION = YES;
				GCC_WARN_UNUSED_VARIABLE = YES;
				MACOSX_DEPLOYMENT_TARGET = 10.15;
				MTL_ENABLE_DEBUG_INFO = NO;
				MTL_FAST_MATH = YES;
				SDKROOT = macosx;
				SWIFT_COMPILATION_MODE = wholemodule;
				SWIFT_OPTIMIZATION_LEVEL = "-O";
			};
			name = Release;
		};
		0C92457E25D037BD00566204 /* Debug */ = {
			isa = XCBuildConfiguration;
			baseConfigurationReference = F59DE6876089B6B43F1318B6 /* Pods-MacOSThemeDetector.debug.xcconfig */;
			buildSettings = {
				ASSETCATALOG_COMPILER_APPICON_NAME = AppIcon;
				ASSETCATALOG_COMPILER_GLOBAL_ACCENT_COLOR_NAME = AccentColor;
				CODE_SIGN_ENTITLEMENTS = MacOSThemeDetector/MacOSThemeDetector.entitlements;
				CODE_SIGN_STYLE = Automatic;
				COMBINE_HIDPI_IMAGES = YES;
				DEVELOPMENT_ASSET_PATHS = "\"MacOSThemeDetector/Preview Content\"";
				DEVELOPMENT_TEAM = 33FAZ6K4FJ;
				ENABLE_HARDENED_RUNTIME = YES;
				ENABLE_PREVIEWS = YES;
				INFOPLIST_FILE = MacOSThemeDetector/Info.plist;
				LD_RUNPATH_SEARCH_PATHS = (
					"$(inherited)",
					"@executable_path/../Frameworks",
				);
				MACOSX_DEPLOYMENT_TARGET = 10.15;
				PRODUCT_BUNDLE_IDENTIFIER = com.7co.MacOSThemeDetector;
				PRODUCT_NAME = "$(TARGET_NAME)";
				SWIFT_VERSION = 5.0;
			};
			name = Debug;
		};
		0C92457F25D037BD00566204 /* Release */ = {
			isa = XCBuildConfiguration;
			baseConfigurationReference = 9B317AE895C7155C99D5987E /* Pods-MacOSThemeDetector.release.xcconfig */;
			buildSettings = {
				ASSETCATALOG_COMPILER_APPICON_NAME = AppIcon;
				ASSETCATALOG_COMPILER_GLOBAL_ACCENT_COLOR_NAME = AccentColor;
				CODE_SIGN_ENTITLEMENTS = MacOSThemeDetector/MacOSThemeDetector.entitlements;
				CODE_SIGN_STYLE = Automatic;
				COMBINE_HIDPI_IMAGES = YES;
				DEVELOPMENT_ASSET_PATHS = "\"MacOSThemeDetector/Preview Content\"";
				DEVELOPMENT_TEAM = 33FAZ6K4FJ;
				ENABLE_HARDENED_RUNTIME = YES;
				ENABLE_PREVIEWS = YES;
				INFOPLIST_FILE = MacOSThemeDetector/Info.plist;
				LD_RUNPATH_SEARCH_PATHS = (
					"$(inherited)",
					"@executable_path/../Frameworks",
				);
				MACOSX_DEPLOYMENT_TARGET = 10.15;
				PRODUCT_BUNDLE_IDENTIFIER = com.7co.MacOSThemeDetector;
				PRODUCT_NAME = "$(TARGET_NAME)";
				SWIFT_VERSION = 5.0;
			};
			name = Release;
		};
/* End XCBuildConfiguration section */

/* Begin XCConfigurationList section */
		0C92456525D037BA00566204 /* Build configuration list for PBXProject "MacOSThemeDetector" */ = {
			isa = XCConfigurationList;
			buildConfigurations = (
				0C92457B25D037BD00566204 /* Debug */,
				0C92457C25D037BD00566204 /* Release */,
			);
			defaultConfigurationIsVisible = 0;
			defaultConfigurationName = Release;
		};
		0C92457D25D037BD00566204 /* Build configuration list for PBXNativeTarget "MacOSThemeDetector" */ = {
			isa = XCConfigurationList;
			buildConfigurations = (
				0C92457E25D037BD00566204 /* Debug */,
				0C92457F25D037BD00566204 /* Release */,
			);
			defaultConfigurationIsVisible = 0;
			defaultConfigurationName = Release;
		};
/* End XCConfigurationList section */
	};
	rootObject = 0C92456225D037BA00566204 /* Project object */;
}
